{
  "originHash" : "fcfe61f299e6dc47275c84d1570a06518832498808ba218337fb11a70ef31a99",
  "pins" : [
    {
      "identity" : "cdmarkdownkit",
      "kind" : "remoteSourceControl",
      "location" : "https://github.com/chrisdhaan/CDMarkdownKit.git",
      "state" : {
        "revision" : "b08981016f9406eb6d18150a3c8caa4288983d2e",
        "version" : "2.5.1"
      }
    },
    {
      "identity" : "swiftopenai",
      "kind" : "remoteSourceControl",
      "location" : "https://github.com/jamesrochabrun/SwiftOpenAI.git",
      "state" : {
        "revision" : "3e81448e4e3bf20d61065defd3a46075cf126ceb",
        "version" : "4.0.7"
      }
    }
  ],
  "version" : 3
}
